Microsoft Visual Studio Solution File, Format Version 12.00
# Visual Studio Version 17
VisualStudioVersion = 17.14.35906.104
MinimumVisualStudioVersion = 10.0.40219.1
Project("{FAE04EC0-301F-11D3-BF4B-00C04F79EFBC}") = "Calculator", "Calculator\Calculator.csproj", "{B1AE79AA-06D1-4424-883F-1E1CB5AA1D6E}"
EndProject
Project("{FAE04EC0-301F-11D3-BF4B-00C04F79EFBC}") = "Calculator.Tests", "Calculator.Tests\Calculator.Tests.csproj", "{2B4D0CB9-D982-4223-8957-8EE214710633}"
EndProject
Global
	GlobalSection(SolutionConfigurationPlatforms) = preSolution
		Debug|Any CPU = Debug|Any CPU
		Release|Any CPU = Release|Any CPU
	EndGlobalSection
	GlobalSection(ProjectConfigurationPlatforms) = postSolution
		{B1AE79AA-06D1-4424-883F-1E1CB5AA1D6E}.Debug|Any CPU.ActiveCfg = Debug|Any CPU
		{B1AE79AA-06D1-4424-883F-1E1CB5AA1D6E}.Debug|Any CPU.Build.0 = Debug|Any CPU
		{B1AE79AA-06D1-4424-883F-1E1CB5AA1D6E}.Release|Any CPU.ActiveCfg = Release|Any CPU
		{B1AE79AA-06D1-4424-883F-1E1CB5AA1D6E}.Release|Any CPU.Build.0 = Release|Any CPU
		{2B4D0CB9-D982-4223-8957-8EE214710633}.Debug|Any CPU.ActiveCfg = Debug|Any CPU
		{2B4D0CB9-D982-4223-8957-8EE214710633}.Debug|Any CPU.Build.0 = Debug|Any CPU
		{2B4D0CB9-D982-4223-8957-8EE214710633}.Release|Any CPU.ActiveCfg = Release|Any CPU
		{2B4D0CB9-D982-4223-8957-8EE214710633}.Release|Any CPU.Build.0 = Release|Any CPU
	EndGlobalSection
	GlobalSection(SolutionProperties) = preSolution
		HideSolutionNode = FALSE
	EndGlobalSection
	GlobalSection(ExtensibilityGlobals) = postSolution
		SolutionGuid = {6BF2E160-37C8-4ADB-AFE6-922A249572A8}
	EndGlobalSection
EndGlobal
